
Microsoft Visual Studio Solution File, Format Version 12.00
# Visual Studio 15
VisualStudioVersion = 15.0.28307.779
MinimumVisualStudioVersion = 10.0.40219.1
Project("{FAE04EC0-301F-11D3-BF4B-00C04F79EFBC}") = "UniversityContactManager", "UniversityContactManager\UniversityContactManager.csproj", "{13A297B8-54E7-4351-88B4-2360A3799AF9}"
EndProject
Project("{FAE04EC0-301F-11D3-BF4B-00C04F79EFBC}") = "UniversityUsersClassLibrary", "UniversityUsers\UniversityUsersClassLibrary.csproj", "{1C8ECE03-95EE-4D1E-A56B-A7BE080B8F2C}"
EndProject
Global
	GlobalSection(SolutionConfigurationPlatforms) = preSolution
		Debug|Any CPU = Debug|Any CPU
		Release|Any CPU = Release|Any CPU
	EndGlobalSection
	GlobalSection(ProjectConfigurationPlatforms) = postSolution
		{13A297B8-54E7-4351-88B4-2360A3799AF9}.Debug|Any CPU.ActiveCfg = Debug|Any CPU
		{13A297B8-54E7-4351-88B4-2360A3799AF9}.Debug|Any CPU.Build.0 = Debug|Any CPU
		{13A297B8-54E7-4351-88B4-2360A3799AF9}.Release|Any CPU.ActiveCfg = Release|Any CPU
		{13A297B8-54E7-4351-88B4-2360A3799AF9}.Release|Any CPU.Build.0 = Release|Any CPU
		{1C8ECE03-95EE-4D1E-A56B-A7BE080B8F2C}.Debug|Any CPU.ActiveCfg = Debug|Any CPU
		{1C8ECE03-95EE-4D1E-A56B-A7BE080B8F2C}.Debug|Any CPU.Build.0 = Debug|Any CPU
		{1C8ECE03-95EE-4D1E-A56B-A7BE080B8F2C}.Release|Any CPU.ActiveCfg = Release|Any CPU
		{1C8ECE03-95EE-4D1E-A56B-A7BE080B8F2C}.Release|Any CPU.Build.0 = Release|Any CPU
	EndGlobalSection
	GlobalSection(SolutionProperties) = preSolution
		HideSolutionNode = FALSE
	EndGlobalSection
	GlobalSection(ExtensibilityGlobals) = postSolution
		SolutionGuid = {6466B19E-4F12-4C11-8568-2D4215D9B39C}
	EndGlobalSection
EndGlobal
