
Microsoft Visual Studio Solution File, Format Version 12.00
# Visual Studio Version 16
VisualStudioVersion = 16.0.29230.47
MinimumVisualStudioVersion = 10.0.40219.1
Project("{FAE04EC0-301F-11D3-BF4B-00C04F79EFBC}") = "Nicolas_Tambellini_CPRG214_Lab_3", "Nicolas_Tambellini_CPRG214_Lab_3\Nicolas_Tambellini_CPRG214_Lab_3.csproj", "{6880D241-DBFB-45B5-B988-BEB4FF491214}"
EndProject
Global
	GlobalSection(SolutionConfigurationPlatforms) = preSolution
		Debug|Any CPU = Debug|Any CPU
		Release|Any CPU = Release|Any CPU
	EndGlobalSection
	GlobalSection(ProjectConfigurationPlatforms) = postSolution
		{6880D241-DBFB-45B5-B988-BEB4FF491214}.Debug|Any CPU.ActiveCfg = Debug|Any CPU
		{6880D241-DBFB-45B5-B988-BEB4FF491214}.Debug|Any CPU.Build.0 = Debug|Any CPU
		{6880D241-DBFB-45B5-B988-BEB4FF491214}.Release|Any CPU.ActiveCfg = Release|Any CPU
		{6880D241-DBFB-45B5-B988-BEB4FF491214}.Release|Any CPU.Build.0 = Release|Any CPU
	EndGlobalSection
	GlobalSection(SolutionProperties) = preSolution
		HideSolutionNode = FALSE
	EndGlobalSection
	GlobalSection(ExtensibilityGlobals) = postSolution
		SolutionGuid = {C2E001DC-62D1-49C4-8F41-1E97657A01A3}
	EndGlobalSection
EndGlobal
